// !$*UTF8*$!
{
	archiveVersion = 1;
	classes = {
	};
	objectVersion = 46;
	objects = {

/* Begin PBXBuildFile section */
		72CF66DC1F04A69E00785BD3 /* cc.mlmodel in Sources */ = {isa = PBXBuildFile; fileRef = FAF130681F04128700B7B671 /* cc.mlmodel */; };
		FA64CB6B1F00E598002235AA /* AppDelegate.swift in Sources */ = {isa = PBXBuildFile; fileRef = FA64CB6A1F00E598002235AA /* AppDelegate.swift */; };
		FA64CB6D1F00E598002235AA /* ViewController.swift in Sources */ = {isa = PBXBuildFile; fileRef = FA64CB6C1F00E598002235AA /* ViewController.swift */; };
		FA64CB701F00E598002235AA /* Main.storyboard in Resources */ = {isa = PBXBuildFile; fileRef = FA64CB6E1F00E598002235AA /* Main.storyboard */; };
		FA64CB721F00E598002235AA /* Assets.xcassets in Resources */ = {isa = PBXBuildFile; fileRef = FA64CB711F00E598002235AA /* Assets.xcassets */; };
		FA64CB751F00E598002235AA /* LaunchScreen.storyboard in Resources */ = {isa = PBXBuildFile; fileRef = FA64CB731F00E598002235AA /* LaunchScreen.storyboard */; };
		FA64CB801F00E598002235AA /* deblockTests.swift in Sources */ = {isa = PBXBuildFile; fileRef = FA64CB7F1F00E598002235AA /* deblockTests.swift */; };
		FA64CB8B1F00E598002235AA /* deblockUITests.swift in Sources */ = {isa = PBXBuildFile; fileRef = FA64CB8A1F00E598002235AA /* deblockUITests.swift */; };
		FA64CB991F00E8C8002235AA /* GGView.swift in Sources */ = {isa = PBXBuildFile; fileRef = FA64CB981F00E8C8002235AA /* GGView.swift */; };
		FA64CBA21F00E991002235AA /* gesture_node_error@2x.png in Resources */ = {isa = PBXBuildFile; fileRef = FA64CB9B1F00E991002235AA /* gesture_node_error@2x.png */; };
		FA64CBA31F00E991002235AA /* gesture_node_error@3x.png in Resources */ = {isa = PBXBuildFile; fileRef = FA64CB9C1F00E991002235AA /* gesture_node_error@3x.png */; };
		FA64CBA41F00E991002235AA /* gesture_node_highlighted.png in Resources */ = {isa = PBXBuildFile; fileRef = FA64CB9D1F00E991002235AA /* gesture_node_highlighted.png */; };
		FA64CBA51F00E991002235AA /* gesture_node_highlighted@2x.png in Resources */ = {isa = PBXBuildFile; fileRef = FA64CB9E1F00E991002235AA /* gesture_node_highlighted@2x.png */; };
		FA64CBA61F00E991002235AA /* gesture_node_normal.png in Resources */ = {isa = PBXBuildFile; fileRef = FA64CB9F1F00E991002235AA /* gesture_node_normal.png */; };
		FA64CBA71F00E991002235AA /* gesture_node_normal@2x.png in Resources */ = {isa = PBXBuildFile; fileRef = FA64CBA01F00E991002235AA /* gesture_node_normal@2x.png */; };
		FA64CBA81F00E991002235AA /* Home_refresh_bg.png in Resources */ = {isa = PBXBuildFile; fileRef = FA64CBA11F00E991002235AA /* Home_refresh_bg.png */; };
		FAF1306B1F0413F700B7B671 /* pred.mlmodel in Sources */ = {isa = PBXBuildFile; fileRef = FAF1306A1F0413F700B7B671 /* pred.mlmodel */; };
/* End PBXBuildFile section */

/* Begin PBXContainerItemProxy section */
		FA64CB7C1F00E598002235AA /* PBXContainerItemProxy */ = {
			isa = PBXContainerItemProxy;
			containerPortal = FA64CB5F1F00E598002235AA /* Project object */;
			proxyType = 1;
			remoteGlobalIDString = FA64CB661F00E598002235AA;
			remoteInfo = deblock;
		};
		FA64CB871F00E598002235AA /* PBXContainerItemProxy */ = {
			isa = PBXContainerItemProxy;
			containerPortal = FA64CB5F1F00E598002235AA /* Project object */;
			proxyType = 1;
			remoteGlobalIDString = FA64CB661F00E598002235AA;
			remoteInfo = deblock;
		};
/* End PBXContainerItemProxy section */

/* Begin PBXFileReference section */
		FA64CB671F00E598002235AA /* deblock.app */ = {isa = PBXFileReference; explicitFileType = wrapper.application; includeInIndex = 0; path = deblock.app; sourceTree = BUILT_PRODUCTS_DIR; };
		FA64CB6A1F00E598002235AA /* AppDelegate.swift */ = {isa = PBXFileReference; lastKnownFileType = sourcecode.swift; path = AppDelegate.swift; sourceTree = "<group>"; };
		FA64CB6C1F00E598002235AA /* ViewController.swift */ = {isa = PBXFileReference; lastKnownFileType = sourcecode.swift; path = ViewController.swift; sourceTree = "<group>"; };
		FA64CB6F1F00E598002235AA /* Base */ = {isa = PBXFileReference; lastKnownFileType = file.storyboard; name = Base; path = Base.lproj/Main.storyboard; sourceTree = "<group>"; };
		FA64CB711F00E598002235AA /* Assets.xcassets */ = {isa = PBXFileReference; lastKnownFileType = folder.assetcatalog; path = Assets.xcassets; sourceTree = "<group>"; };
		FA64CB741F00E598002235AA /* Base */ = {isa = PBXFileReference; lastKnownFileType = file.storyboard; name = Base; path = Base.lproj/LaunchScreen.storyboard; sourceTree = "<group>"; };
		FA64CB761F00E598002235AA /* Info.plist */ = {isa = PBXFileReference; lastKnownFileType = text.plist.xml; path = Info.plist; sourceTree = "<group>"; };
		FA64CB7B1F00E598002235AA /* deblockTests.xctest */ = {isa = PBXFileReference; explicitFileType = wrapper.cfbundle; includeInIndex = 0; path = deblockTests.xctest; sourceTree = BUILT_PRODUCTS_DIR; };
		FA64CB7F1F00E598002235AA /* deblockTests.swift */ = {isa = PBXFileReference; lastKnownFileType = sourcecode.swift; path = deblockTests.swift; sourceTree = "<group>"; };
		FA64CB811F00E598002235AA /* Info.plist */ = {isa = PBXFileReference; lastKnownFileType = text.plist.xml; path = Info.plist; sourceTree = "<group>"; };
		FA64CB861F00E598002235AA /* deblockUITests.xctest */ = {isa = PBXFileReference; explicitFileType = wrapper.cfbundle; includeInIndex = 0; path = deblockUITests.xctest; sourceTree = BUILT_PRODUCTS_DIR; };
		FA64CB8A1F00E598002235AA /* deblockUITests.swift */ = {isa = PBXFileReference; lastKnownFileType = sourcecode.swift; path = deblockUITests.swift; sourceTree = "<group>"; };
		FA64CB8C1F00E598002235AA /* Info.plist */ = {isa = PBXFileReference; lastKnownFileType = text.plist.xml; path = Info.plist; sourceTree = "<group>"; };
		FA64CB981F00E8C8002235AA /* GGView.swift */ = {isa = PBXFileReference; fileEncoding = 4; lastKnownFileType = sourcecode.swift; path = GGView.swift; sourceTree = "<group>"; };
		FA64CB9B1F00E991002235AA /* gesture_node_error@2x.png */ = {isa = PBXFileReference; lastKnownFileType = image.png; path = "gesture_node_error@2x.png"; sourceTree = "<group>"; };
		FA64CB9C1F00E991002235AA /* gesture_node_error@3x.png */ = {isa = PBXFileReference; lastKnownFileType = image.png; path = "gesture_node_error@3x.png"; sourceTree = "<group>"; };
		FA64CB9D1F00E991002235AA /* gesture_node_highlighted.png */ = {isa = PBXFileReference; lastKnownFileType = image.png; path = gesture_node_highlighted.png; sourceTree = "<group>"; };
		FA64CB9E1F00E991002235AA /* gesture_node_highlighted@2x.png */ = {isa = PBXFileReference; lastKnownFileType = image.png; path = "gesture_node_highlighted@2x.png"; sourceTree = "<group>"; };
		FA64CB9F1F00E991002235AA /* gesture_node_normal.png */ = {isa = PBXFileReference; lastKnownFileType = image.png; path = gesture_node_normal.png; sourceTree = "<group>"; };
		FA64CBA01F00E991002235AA /* gesture_node_normal@2x.png */ = {isa = PBXFileReference; lastKnownFileType = image.png; path = "gesture_node_normal@2x.png"; sourceTree = "<group>"; };
		FA64CBA11F00E991002235AA /* Home_refresh_bg.png */ = {isa = PBXFileReference; lastKnownFileType = image.png; path = Home_refresh_bg.png; sourceTree = "<group>"; };
		FAF130681F04128700B7B671 /* cc.mlmodel */ = {isa = PBXFileReference; lastKnownFileType = file.mlmodel; path = cc.mlmodel; sourceTree = "<group>"; };
		FAF1306A1F0413F700B7B671 /* pred.mlmodel */ = {isa = PBXFileReference; lastKnownFileType = file.mlmodel; path = pred.mlmodel; sourceTree = "<group>"; };
/* End PBXFileReference section */

/* Begin PBXFrameworksBuildPhase section */
		FA64CB641F00E598002235AA /* Frameworks */ = {
			isa = PBXFrameworksBuildPhase;
			buildActionMask = 2147483647;
			files = (
			);
			runOnlyForDeploymentPostprocessing = 0;
		};
		FA64CB781F00E598002235AA /* Frameworks */ = {
			isa = PBXFrameworksBuildPhase;
			buildActionMask = 2147483647;
			files = (
			);
			runOnlyForDeploymentPostprocessing = 0;
		};
		FA64CB831F00E598002235AA /* Frameworks */ = {
			isa = PBXFrameworksBuildPhase;
			buildActionMask = 2147483647;
			files = (
			);
			runOnlyForDeploymentPostprocessing = 0;
		};
/* End PBXFrameworksBuildPhase section */

/* Begin PBXGroup section */
		FA64CB5E1F00E598002235AA = {
			isa = PBXGroup;
			children = (
				FAF130681F04128700B7B671 /* cc.mlmodel */,
				FAF1306A1F0413F700B7B671 /* pred.mlmodel */,
				FA64CB9A1F00E991002235AA /* pic */,
				FA64CB691F00E598002235AA /* deblock */,
				FA64CB7E1F00E598002235AA /* deblockTests */,
				FA64CB891F00E598002235AA /* deblockUITests */,
				FA64CB681F00E598002235AA /* Products */,
			);
			sourceTree = "<group>";
		};
		FA64CB681F00E598002235AA /* Products */ = {
			isa = PBXGroup;
			children = (
				FA64CB671F00E598002235AA /* deblock.app */,
				FA64CB7B1F00E598002235AA /* deblockTests.xctest */,
				FA64CB861F00E598002235AA /* deblockUITests.xctest */,
			);
			name = Products;
			sourceTree = "<group>";
		};
		FA64CB691F00E598002235AA /* deblock */ = {
			isa = PBXGroup;
			children = (
				FA64CB6A1F00E598002235AA /* AppDelegate.swift */,
				FA64CB6C1F00E598002235AA /* ViewController.swift */,
				FA64CB981F00E8C8002235AA /* GGView.swift */,
				FA64CB6E1F00E598002235AA /* Main.storyboard */,
				FA64CB711F00E598002235AA /* Assets.xcassets */,
				FA64CB731F00E598002235AA /* LaunchScreen.storyboard */,
				FA64CB761F00E598002235AA /* Info.plist */,
			);
			path = deblock;
			sourceTree = "<group>";
		};
		FA64CB7E1F00E598002235AA /* deblockTests */ = {
			isa = PBXGroup;
			children = (
				FA64CB7F1F00E598002235AA /* deblockTests.swift */,
				FA64CB811F00E598002235AA /* Info.plist */,
			);
			path = deblockTests;
			sourceTree = "<group>";
		};
		FA64CB891F00E598002235AA /* deblockUITests */ = {
			isa = PBXGroup;
			children = (
				FA64CB8A1F00E598002235AA /* deblockUITests.swift */,
				FA64CB8C1F00E598002235AA /* Info.plist */,
			);
			path = deblockUITests;
			sourceTree = "<group>";
		};
		FA64CB9A1F00E991002235AA /* pic */ = {
			isa = PBXGroup;
			children = (
				FA64CB9B1F00E991002235AA /* gesture_node_error@2x.png */,
				FA64CB9C1F00E991002235AA /* gesture_node_error@3x.png */,
				FA64CB9D1F00E991002235AA /* gesture_node_highlighted.png */,
				FA64CB9E1F00E991002235AA /* gesture_node_highlighted@2x.png */,
				FA64CB9F1F00E991002235AA /* gesture_node_normal.png */,
				FA64CBA01F00E991002235AA /* gesture_node_normal@2x.png */,
				FA64CBA11F00E991002235AA /* Home_refresh_bg.png */,
			);
			path = pic;
			sourceTree = "<group>";
		};
/* End PBXGroup section */

/* Begin PBXNativeTarget section */
		FA64CB661F00E598002235AA /* deblock */ = {
			isa = PBXNativeTarget;
			buildConfigurationList = FA64CB8F1F00E598002235AA /* Build configuration list for PBXNativeTarget "deblock" */;
			buildPhases = (
				FA64CB631F00E598002235AA /* Sources */,
				FA64CB641F00E598002235AA /* Frameworks */,
				FA64CB651F00E598002235AA /* Resources */,
			);
			buildRules = (
			);
			dependencies = (
			);
			name = deblock;
			productName = deblock;
			productReference = FA64CB671F00E598002235AA /* deblock.app */;
			productType = "com.apple.product-type.application";
		};
		FA64CB7A1F00E598002235AA /* deblockTests */ = {
			isa = PBXNativeTarget;
			buildConfigurationList = FA64CB921F00E598002235AA /* Build configuration list for PBXNativeTarget "deblockTests" */;
			buildPhases = (
				FA64CB771F00E598002235AA /* Sources */,
				FA64CB781F00E598002235AA /* Frameworks */,
				FA64CB791F00E598002235AA /* Resources */,
			);
			buildRules = (
			);
			dependencies = (
				FA64CB7D1F00E598002235AA /* PBXTargetDependency */,
			);
			name = deblockTests;
			productName = deblockTests;
			productReference = FA64CB7B1F00E598002235AA /* deblockTests.xctest */;
			productType = "com.apple.product-type.bundle.unit-test";
		};
		FA64CB851F00E598002235AA /* deblockUITests */ = {
			isa = PBXNativeTarget;
			buildConfigurationList = FA64CB951F00E598002235AA /* Build configuration list for PBXNativeTarget "deblockUITests" */;
			buildPhases = (
				FA64CB821F00E598002235AA /* Sources */,
				FA64CB831F00E598002235AA /* Frameworks */,
				FA64CB841F00E598002235AA /* Resources */,
			);
			buildRules = (
			);
			dependencies = (
				FA64CB881F00E598002235AA /* PBXTargetDependency */,
			);
			name = deblockUITests;
			productName = deblockUITests;
			productReference = FA64CB861F00E598002235AA /* deblockUITests.xctest */;
			productType = "com.apple.product-type.bundle.ui-testing";
		};
/* End PBXNativeTarget section */

/* Begin PBXProject section */
		FA64CB5F1F00E598002235AA /* Project object */ = {
			isa = PBXProject;
			attributes = {
				LastSwiftUpdateCheck = 0830;
				LastUpgradeCheck = 0900;
				ORGANIZATIONNAME = alexma;
				TargetAttributes = {
					FA64CB661F00E598002235AA = {
						CreatedOnToolsVersion = 8.3.3;
						DevelopmentTeam = 36KM5A6YX4;
						LastSwiftMigration = 0900;
						ProvisioningStyle = Automatic;
					};
					FA64CB7A1F00E598002235AA = {
						CreatedOnToolsVersion = 8.3.3;
						DevelopmentTeam = 4YLJV7EKDF;
						LastSwiftMigration = 0900;
						ProvisioningStyle = Automatic;
						TestTargetID = FA64CB661F00E598002235AA;
					};
					FA64CB851F00E598002235AA = {
						CreatedOnToolsVersion = 8.3.3;
						DevelopmentTeam = 4YLJV7EKDF;
						LastSwiftMigration = 0900;
						ProvisioningStyle = Automatic;
						TestTargetID = FA64CB661F00E598002235AA;
					};
				};
			};
			buildConfigurationList = FA64CB621F00E598002235AA /* Build configuration list for PBXProject "deblock" */;
			compatibilityVersion = "Xcode 3.2";
			developmentRegion = English;
			hasScannedForEncodings = 0;
			knownRegions = (
				en,
				Base,
			);
			mainGroup = FA64CB5E1F00E598002235AA;
			productRefGroup = FA64CB681F00E598002235AA /* Products */;
			projectDirPath = "";
			projectRoot = "";
			targets = (
				FA64CB661F00E598002235AA /* deblock */,
				FA64CB7A1F00E598002235AA /* deblockTests */,
				FA64CB851F00E598002235AA /* deblockUITests */,
			);
		};
/* End PBXProject section */

/* Begin PBXResourcesBuildPhase section */
		FA64CB651F00E598002235AA /* Resources */ = {
			isa = PBXResourcesBuildPhase;
			buildActionMask = 2147483647;
			files = (
				FA64CB751F00E598002235AA /* LaunchScreen.storyboard in Resources */,
				FA64CBA41F00E991002235AA /* gesture_node_highlighted.png in Resources */,
				FA64CB721F00E598002235AA /* Assets.xcassets in Resources */,
				FA64CBA81F00E991002235AA /* Home_refresh_bg.png in Resources */,
				FA64CBA31F00E991002235AA /* gesture_node_error@3x.png in Resources */,
				FA64CB701F00E598002235AA /* Main.storyboard in Resources */,
				FA64CBA71F00E991002235AA /* gesture_node_normal@2x.png in Resources */,
				FA64CBA21F00E991002235AA /* gesture_node_error@2x.png in Resources */,
				FA64CBA61F00E991002235AA /* gesture_node_normal.png in Resources */,
				FA64CBA51F00E991002235AA /* gesture_node_highlighted@2x.png in Resources */,
			);
			runOnlyForDeploymentPostprocessing = 0;
		};
		FA64CB791F00E598002235AA /* Resources */ = {
			isa = PBXResourcesBuildPhase;
			buildActionMask = 2147483647;
			files = (
			);
			runOnlyForDeploymentPostprocessing = 0;
		};
		FA64CB841F00E598002235AA /* Resources */ = {
			isa = PBXResourcesBuildPhase;
			buildActionMask = 2147483647;
			files = (
			);
			runOnlyForDeploymentPostprocessing = 0;
		};
/* End PBXResourcesBuildPhase section */

/* Begin PBXSourcesBuildPhase section */
		FA64CB631F00E598002235AA /* Sources */ = {
			isa = PBXSourcesBuildPhase;
			buildActionMask = 2147483647;
			files = (
				72CF66DC1F04A69E00785BD3 /* cc.mlmodel in Sources */,
				FA64CB991F00E8C8002235AA /* GGView.swift in Sources */,
				FA64CB6D1F00E598002235AA /* ViewController.swift in Sources */,
				FA64CB6B1F00E598002235AA /* AppDelegate.swift in Sources */,
				FAF1306B1F0413F700B7B671 /* pred.mlmodel in Sources */,
			);
			runOnlyForDeploymentPostprocessing = 0;
		};
		FA64CB771F00E598002235AA /* Sources */ = {
			isa = PBXSourcesBuildPhase;
			buildActionMask = 2147483647;
			files = (
				FA64CB801F00E598002235AA /* deblockTests.swift in Sources */,
			);
			runOnlyForDeploymentPostprocessing = 0;
		};
		FA64CB821F00E598002235AA /* Sources */ = {
			isa = PBXSourcesBuildPhase;
			buildActionMask = 2147483647;
			files = (
				FA64CB8B1F00E598002235AA /* deblockUITests.swift in Sources */,
			);
			runOnlyForDeploymentPostprocessing = 0;
		};
/* End PBXSourcesBuildPhase section */

/* Begin PBXTargetDependency section */
		FA64CB7D1F00E598002235AA /* PBXTargetDependency */ = {
			isa = PBXTargetDependency;
			target = FA64CB661F00E598002235AA /* deblock */;
			targetProxy = FA64CB7C1F00E598002235AA /* PBXContainerItemProxy */;
		};
		FA64CB881F00E598002235AA /* PBXTargetDependency */ = {
			isa = PBXTargetDependency;
			target = FA64CB661F00E598002235AA /* deblock */;
			targetProxy = FA64CB871F00E598002235AA /* PBXContainerItemProxy */;
		};
/* End PBXTargetDependency section */

/* Begin PBXVariantGroup section */
		FA64CB6E1F00E598002235AA /* Main.storyboard */ = {
			isa = PBXVariantGroup;
			children = (
				FA64CB6F1F00E598002235AA /* Base */,
			);
			name = Main.storyboard;
			sourceTree = "<group>";
		};
		FA64CB731F00E598002235AA /* LaunchScreen.storyboard */ = {
			isa = PBXVariantGroup;
			children = (
				FA64CB741F00E598002235AA /* Base */,
			);
			name = LaunchScreen.storyboard;
			sourceTree = "<group>";
		};
/* End PBXVariantGroup section */

/* Begin XCBuildConfiguration section */
		FA64CB8D1F00E598002235AA /* Debug */ = {
			isa = XCBuildConfiguration;
			buildSettings = {
				ALWAYS_SEARCH_USER_PATHS = NO;
				CLANG_ANALYZER_NONNULL = YES;
				CLANG_ANALYZER_NUMBER_OBJECT_CONVERSION = YES_AGGRESSIVE;
				CLANG_CXX_LANGUAGE_STANDARD = "gnu++0x";
				CLANG_CXX_LIBRARY = "libc++";
				CLANG_ENABLE_MODULES = YES;
				CLANG_ENABLE_OBJC_ARC = YES;
				CLANG_WARN_BLOCK_CAPTURE_AUTORELEASING = YES;
				CLANG_WARN_BOOL_CONVERSION = YES;
				CLANG_WARN_COMMA = YES;
				CLANG_WARN_CONSTANT_CONVERSION = YES;
				CLANG_WARN_DIRECT_OBJC_ISA_USAGE = YES_ERROR;
				CLANG_WARN_DOCUMENTATION_COMMENTS = YES;
				CLANG_WARN_EMPTY_BODY = YES;
				CLANG_WARN_ENUM_CONVERSION = YES;
				CLANG_WARN_INFINITE_RECURSION = YES;
				CLANG_WARN_INT_CONVERSION = YES;
				CLANG_WARN_NON_LITERAL_NULL_CONVERSION = YES;
				CLANG_WARN_OBJC_LITERAL_CONVERSION = YES;
				CLANG_WARN_OBJC_ROOT_CLASS = YES_ERROR;
				CLANG_WARN_RANGE_LOOP_ANALYSIS = YES;
				CLANG_WARN_STRICT_PROTOTYPES = YES;
				CLANG_WARN_SUSPICIOUS_MOVE = YES;
				CLANG_WARN_UNREACHABLE_CODE = YES;
				CLANG_WARN__DUPLICATE_METHOD_MATCH = YES;
				"CODE_SIGN_IDENTITY[sdk=iphoneos*]" = "iPhone Developer";
				COPY_PHASE_STRIP = NO;
				DEBUG_INFORMATION_FORMAT = dwarf;
				ENABLE_STRICT_OBJC_MSGSEND = YES;
				ENABLE_TESTABILITY = YES;
				GCC_C_LANGUAGE_STANDARD = gnu99;
				GCC_DYNAMIC_NO_PIC = NO;
				GCC_NO_COMMON_BLOCKS = YES;
				GCC_OPTIMIZATION_LEVEL = 0;
				GCC_PREPROCESSOR_DEFINITIONS = (
					"DEBUG=1",
					"$(inherited)",
				);
				GCC_WARN_64_TO_32_BIT_CONVERSION = YES;
				GCC_WARN_ABOUT_RETURN_TYPE = YES_ERROR;
				GCC_WARN_UNDECLARED_SELECTOR = YES;
				GCC_WARN_UNINITIALIZED_AUTOS = YES_AGGRESSIVE;
				GCC_WARN_UNUSED_FUNCTION = YES;
				GCC_WARN_UNUSED_VARIABLE = YES;
				IPHONEOS_DEPLOYMENT_TARGET = 10.3;
				MTL_ENABLE_DEBUG_INFO = YES;
				ONLY_ACTIVE_ARCH = YES;
				SDKROOT = iphoneos;
				SWIFT_ACTIVE_COMPILATION_CONDITIONS = DEBUG;
				SWIFT_OPTIMIZATION_LEVEL = "-Onone";
				TARGETED_DEVICE_FAMILY = "1,2";
			};
			name = Debug;
		};
		FA64CB8E1F00E598002235AA /* Release */ = {
			isa = XCBuildConfiguration;
			buildSettings = {
				ALWAYS_SEARCH_USER_PATHS = NO;
				CLANG_ANALYZER_NONNULL = YES;
				CLANG_ANALYZER_NUMBER_OBJECT_CONVERSION = YES_AGGRESSIVE;
				CLANG_CXX_LANGUAGE_STANDARD = "gnu++0x";
				CLANG_CXX_LIBRARY = "libc++";
				CLANG_ENABLE_MODULES = YES;
				CLANG_ENABLE_OBJC_ARC = YES;
				CLANG_WARN_BLOCK_CAPTURE_AUTORELEASING = YES;
				CLANG_WARN_BOOL_CONVERSION = YES;
				CLANG_WARN_COMMA = YES;
				CLANG_WARN_CONSTANT_CONVERSION = YES;
				CLANG_WARN_DIRECT_OBJC_ISA_USAGE = YES_ERROR;
				CLANG_WARN_DOCUMENTATION_COMMENTS = YES;
				CLANG_WARN_EMPTY_BODY = YES;
				CLANG_WARN_ENUM_CONVERSION = YES;
				CLANG_WARN_INFINITE_RECURSION = YES;
				CLANG_WARN_INT_CONVERSION = YES;
				CLANG_WARN_NON_LITERAL_NULL_CONVERSION = YES;
				CLANG_WARN_OBJC_LITERAL_CONVERSION = YES;
				CLANG_WARN_OBJC_ROOT_CLASS = YES_ERROR;
				CLANG_WARN_RANGE_LOOP_ANALYSIS = YES;
				CLANG_WARN_STRICT_PROTOTYPES = YES;
				CLANG_WARN_SUSPICIOUS_MOVE = YES;
				CLANG_WARN_UNREACHABLE_CODE = YES;
				CLANG_WARN__DUPLICATE_METHOD_MATCH = YES;
				"CODE_SIGN_IDENTITY[sdk=iphoneos*]" = "iPhone Developer";
				COPY_PHASE_STRIP = NO;
				DEBUG_INFORMATION_FORMAT = "dwarf-with-dsym";
				ENABLE_NS_ASSERTIONS = NO;
				ENABLE_STRICT_OBJC_MSGSEND = YES;
				GCC_C_LANGUAGE_STANDARD = gnu99;
				GCC_NO_COMMON_BLOCKS = YES;
				GCC_WARN_64_TO_32_BIT_CONVERSION = YES;
				GCC_WARN_ABOUT_RETURN_TYPE = YES_ERROR;
				GCC_WARN_UNDECLARED_SELECTOR = YES;
				GCC_WARN_UNINITIALIZED_AUTOS = YES_AGGRESSIVE;
				GCC_WARN_UNUSED_FUNCTION = YES;
				GCC_WARN_UNUSED_VARIABLE = YES;
				IPHONEOS_DEPLOYMENT_TARGET = 10.3;
				MTL_ENABLE_DEBUG_INFO = NO;
				SDKROOT = iphoneos;
				SWIFT_OPTIMIZATION_LEVEL = "-Owholemodule";
				TARGETED_DEVICE_FAMILY = "1,2";
				VALIDATE_PRODUCT = YES;
			};
			name = Release;
		};
		FA64CB901F00E598002235AA /* Debug */ = {
			isa = XCBuildConfiguration;
			buildSettings = {
				ASSETCATALOG_COMPILER_APPICON_NAME = AppIcon;
				DEVELOPMENT_TEAM = 36KM5A6YX4;
				INFOPLIST_FILE = deblock/Info.plist;
				LD_RUNPATH_SEARCH_PATHS = "$(inherited) @executable_path/Frameworks";
				PRODUCT_BUNDLE_IDENTIFIER = cn.sjtu.edu.cn;
				PRODUCT_NAME = "$(TARGET_NAME)";
				SWIFT_SWIFT3_OBJC_INFERENCE = On;
				SWIFT_VERSION = 4.0;
			};
			name = Debug;
		};
		FA64CB911F00E598002235AA /* Release */ = {
			isa = XCBuildConfiguration;
			buildSettings = {
				ASSETCATALOG_COMPILER_APPICON_NAME = AppIcon;
				DEVELOPMENT_TEAM = 36KM5A6YX4;
				INFOPLIST_FILE = deblock/Info.plist;
				LD_RUNPATH_SEARCH_PATHS = "$(inherited) @executable_path/Frameworks";
				PRODUCT_BUNDLE_IDENTIFIER = cn.sjtu.edu.cn;
				PRODUCT_NAME = "$(TARGET_NAME)";
				SWIFT_SWIFT3_OBJC_INFERENCE = On;
				SWIFT_VERSION = 4.0;
			};
			name = Release;
		};
		FA64CB931F00E598002235AA /* Debug */ = {
			isa = XCBuildConfiguration;
			buildSettings = {
				ALWAYS_EMBED_SWIFT_STANDARD_LIBRARIES = YES;
				BUNDLE_LOADER = "$(TEST_HOST)";
				DEVELOPMENT_TEAM = 4YLJV7EKDF;
				INFOPLIST_FILE = deblockTests/Info.plist;
				LD_RUNPATH_SEARCH_PATHS = "$(inherited) @executable_path/Frameworks @loader_path/Frameworks";
				PRODUCT_BUNDLE_IDENTIFIER = cn.sjtu.deblockTests;
				PRODUCT_NAME = "$(TARGET_NAME)";
				SWIFT_SWIFT3_OBJC_INFERENCE = On;
				SWIFT_VERSION = 4.0;
				TEST_HOST = "$(BUILT_PRODUCTS_DIR)/deblock.app/deblock";
			};
			name = Debug;
		};
		FA64CB941F00E598002235AA /* Release */ = {
			isa = XCBuildConfiguration;
			buildSettings = {
				ALWAYS_EMBED_SWIFT_STANDARD_LIBRARIES = YES;
				BUNDLE_LOADER = "$(TEST_HOST)";
				DEVELOPMENT_TEAM = 4YLJV7EKDF;
				INFOPLIST_FILE = deblockTests/Info.plist;
				LD_RUNPATH_SEARCH_PATHS = "$(inherited) @executable_path/Frameworks @loader_path/Frameworks";
				PRODUCT_BUNDLE_IDENTIFIER = cn.sjtu.deblockTests;
				PRODUCT_NAME = "$(TARGET_NAME)";
				SWIFT_SWIFT3_OBJC_INFERENCE = On;
				SWIFT_VERSION = 4.0;
				TEST_HOST = "$(BUILT_PRODUCTS_DIR)/deblock.app/deblock";
			};
			name = Release;
		};
		FA64CB961F00E598002235AA /* Debug */ = {
			isa = XCBuildConfiguration;
			buildSettings = {
				ALWAYS_EMBED_SWIFT_STANDARD_LIBRARIES = YES;
				DEVELOPMENT_TEAM = 4YLJV7EKDF;
				INFOPLIST_FILE = deblockUITests/Info.plist;
				LD_RUNPATH_SEARCH_PATHS = "$(inherited) @executable_path/Frameworks @loader_path/Frameworks";
				PRODUCT_BUNDLE_IDENTIFIER = cn.sjtu.deblockUITests;
				PRODUCT_NAME = "$(TARGET_NAME)";
				SWIFT_SWIFT3_OBJC_INFERENCE = On;
				SWIFT_VERSION = 4.0;
				TEST_TARGET_NAME = deblock;
			};
			name = Debug;
		};
		FA64CB971F00E598002235AA /* Release */ = {
			isa = XCBuildConfiguration;
			buildSettings = {
				ALWAYS_EMBED_SWIFT_STANDARD_LIBRARIES = YES;
				DEVELOPMENT_TEAM = 4YLJV7EKDF;
				INFOPLIST_FILE = deblockUITests/Info.plist;
				LD_RUNPATH_SEARCH_PATHS = "$(inherited) @executable_path/Frameworks @loader_path/Frameworks";
				PRODUCT_BUNDLE_IDENTIFIER = cn.sjtu.deblockUITests;
				PRODUCT_NAME = "$(TARGET_NAME)";
				SWIFT_SWIFT3_OBJC_INFERENCE = On;
				SWIFT_VERSION = 4.0;
				TEST_TARGET_NAME = deblock;
			};
			name = Release;
		};
/* End XCBuildConfiguration section */

/* Begin XCConfigurationList section */
		FA64CB621F00E598002235AA /* Build configuration list for PBXProject "deblock" */ = {
			isa = XCConfigurationList;
			buildConfigurations = (
				FA64CB8D1F00E598002235AA /* Debug */,
				FA64CB8E1F00E598002235AA /* Release */,
			);
			defaultConfigurationIsVisible = 0;
			defaultConfigurationName = Release;
		};
		FA64CB8F1F00E598002235AA /* Build configuration list for PBXNativeTarget "deblock" */ = {
			isa = XCConfigurationList;
			buildConfigurations = (
				FA64CB901F00E598002235AA /* Debug */,
				FA64CB911F00E598002235AA /* Release */,
			);
			defaultConfigurationIsVisible = 0;
			defaultConfigurationName = Release;
		};
		FA64CB921F00E598002235AA /* Build configuration list for PBXNativeTarget "deblockTests" */ = {
			isa = XCConfigurationList;
			buildConfigurations = (
				FA64CB931F00E598002235AA /* Debug */,
				FA64CB941F00E598002235AA /* Release */,
			);
			defaultConfigurationIsVisible = 0;
			defaultConfigurationName = Release;
		};
		FA64CB951F00E598002235AA /* Build configuration list for PBXNativeTarget "deblockUITests" */ = {
			isa = XCConfigurationList;
			buildConfigurations = (
				FA64CB961F00E598002235AA /* Debug */,
				FA64CB971F00E598002235AA /* Release */,
			);
			defaultConfigurationIsVisible = 0;
			defaultConfigurationName = Release;
		};
/* End XCConfigurationList section */
	};
	rootObject = FA64CB5F1F00E598002235AA /* Project object */;
}
